{
  "name": "is_properemail",
  "version": "1.0.0",
  "lockfileVersion": 3,
  "requires": true,
  "packages": {
    "": {
      "name": "is_properemail",
      "version": "1.0.0",
      "license": "ISC",
      "dependencies": {
        "is_properemail": "^1.0.0",
        "is_validmobile": "^1.0.1"
      }
    },
    "node_modules/is_properemail": {
      "version": "1.0.0",
      "resolved": "https://registry.npmjs.org/is_properemail/-/is_properemail-1.0.0.tgz",
      "integrity": "sha512-DZ2IEtI7zUTF+fg4cn60ELIm4Pp2X2pYic8K1tWvYBCQDJMxXHp1Z7mFjmgbT4QCt+89aZJScEe3kuG2s/VqOA==",
      "dependencies": {
        "is_validmobile": "^1.0.1"
      }
    },
    "node_modules/is_validmobile": {
      "version": "1.0.1",
      "resolved": "https://registry.npmjs.org/is_validmobile/-/is_validmobile-1.0.1.tgz",
      "integrity": "sha512-PD//1G5wl/cdOq/JUoxXRyeNOutTOB2Lams/4S27cs/kErN3w19+/WRPfgZP2ySjBCl0FlOCCD6pxoTg3KRN7Q==",
      "dependencies": {
        "is_validmobile": "^1.0.0"
      }
    }
  }
}
